// !$*UTF8*$!
{
	archiveVersion = 1;
	classes = {
	};
	objectVersion = 50;
	objects = {

/* Begin PBXBuildFile section */
		7747D06D2254084600258838 /* AppDelegate.swift in Sources */ = {isa = PBXBuildFile; fileRef = 7747D06C2254084600258838 /* AppDelegate.swift */; };
		7747D0742254084700258838 /* Assets.xcassets in Resources */ = {isa = PBXBuildFile; fileRef = 7747D0732254084700258838 /* Assets.xcassets */; };
		7747D0822254084700258838 /* QuizAppTests.swift in Sources */ = {isa = PBXBuildFile; fileRef = 7747D0812254084700258838 /* QuizAppTests.swift */; };
		7747D08D2254084700258838 /* QuizAppUITests.swift in Sources */ = {isa = PBXBuildFile; fileRef = 7747D08C2254084700258838 /* QuizAppUITests.swift */; };
		7747D09F22540C1E00258838 /* QuizViewController.swift in Sources */ = {isa = PBXBuildFile; fileRef = 7747D09E22540C1E00258838 /* QuizViewController.swift */; };
		7747D0A122540DCB00258838 /* QuizView.swift in Sources */ = {isa = PBXBuildFile; fileRef = 7747D0A022540DCB00258838 /* QuizView.swift */; };
		7747D0A522541BD900258838 /* LaunchScreen.storyboard in Resources */ = {isa = PBXBuildFile; fileRef = 7747D0A422541BD900258838 /* LaunchScreen.storyboard */; };
		7747D0A7225429B000258838 /* QuizService.swift in Sources */ = {isa = PBXBuildFile; fileRef = 7747D0A6225429B000258838 /* QuizService.swift */; };
		7747D0A92254B7FD00258838 /* Quiz.swift in Sources */ = {isa = PBXBuildFile; fileRef = 7747D0A82254B7FD00258838 /* Quiz.swift */; };
		7747D0AB2254B93600258838 /* Question.swift in Sources */ = {isa = PBXBuildFile; fileRef = 7747D0AA2254B93600258838 /* Question.swift */; };
		7747D0AD225501ED00258838 /* Default-568h@2x.png in Resources */ = {isa = PBXBuildFile; fileRef = 7747D0AC225501ED00258838 /* Default-568h@2x.png */; };
		7747D0AF2255048900258838 /* Quizzes.swift in Sources */ = {isa = PBXBuildFile; fileRef = 7747D0AE2255048900258838 /* Quizzes.swift */; };
		7747D0B12255124100258838 /* CustomQuizView.swift in Sources */ = {isa = PBXBuildFile; fileRef = 7747D0B02255124100258838 /* CustomQuizView.swift */; };
		775859072255437B0062B380 /* CustomQuestionView.swift in Sources */ = {isa = PBXBuildFile; fileRef = 775859062255437B0062B380 /* CustomQuestionView.swift */; };
		77C18C1822581A1500B72CF0 /* quizDefault.png in Resources */ = {isa = PBXBuildFile; fileRef = 77C18C1722581A1500B72CF0 /* quizDefault.png */; };
		77C18C1A225BC39200B72CF0 /* LoginView.swift in Sources */ = {isa = PBXBuildFile; fileRef = 77C18C19225BC39200B72CF0 /* LoginView.swift */; };
		77C18C1C225BC65800B72CF0 /* LoginViewController.swift in Sources */ = {isa = PBXBuildFile; fileRef = 77C18C1B225BC65800B72CF0 /* LoginViewController.swift */; };
/* End PBXBuildFile section */

/* Begin PBXContainerItemProxy section */
		7747D07E2254084700258838 /* PBXContainerItemProxy */ = {
			isa = PBXContainerItemProxy;
			containerPortal = 7747D0612254084600258838 /* Project object */;
			proxyType = 1;
			remoteGlobalIDString = 7747D0682254084600258838;
			remoteInfo = QuizApp;
		};
		7747D0892254084700258838 /* PBXContainerItemProxy */ = {
			isa = PBXContainerItemProxy;
			containerPortal = 7747D0612254084600258838 /* Project object */;
			proxyType = 1;
			remoteGlobalIDString = 7747D0682254084600258838;
			remoteInfo = QuizApp;
		};
/* End PBXContainerItemProxy section */

/* Begin PBXFileReference section */
		7747D0692254084600258838 /* QuizApp.app */ = {isa = PBXFileReference; explicitFileType = wrapper.application; includeInIndex = 0; path = QuizApp.app; sourceTree = BUILT_PRODUCTS_DIR; };
		7747D06C2254084600258838 /* AppDelegate.swift */ = {isa = PBXFileReference; lastKnownFileType = sourcecode.swift; path = AppDelegate.swift; sourceTree = "<group>"; };
		7747D0732254084700258838 /* Assets.xcassets */ = {isa = PBXFileReference; lastKnownFileType = folder.assetcatalog; path = Assets.xcassets; sourceTree = "<group>"; };
		7747D0782254084700258838 /* Info.plist */ = {isa = PBXFileReference; lastKnownFileType = text.plist.xml; path = Info.plist; sourceTree = "<group>"; };
		7747D07D2254084700258838 /* QuizAppTests.xctest */ = {isa = PBXFileReference; explicitFileType = wrapper.cfbundle; includeInIndex = 0; path = QuizAppTests.xctest; sourceTree = BUILT_PRODUCTS_DIR; };
		7747D0812254084700258838 /* QuizAppTests.swift */ = {isa = PBXFileReference; lastKnownFileType = sourcecode.swift; path = QuizAppTests.swift; sourceTree = "<group>"; };
		7747D0832254084700258838 /* Info.plist */ = {isa = PBXFileReference; lastKnownFileType = text.plist.xml; path = Info.plist; sourceTree = "<group>"; };
		7747D0882254084700258838 /* QuizAppUITests.xctest */ = {isa = PBXFileReference; explicitFileType = wrapper.cfbundle; includeInIndex = 0; path = QuizAppUITests.xctest; sourceTree = BUILT_PRODUCTS_DIR; };
		7747D08C2254084700258838 /* QuizAppUITests.swift */ = {isa = PBXFileReference; lastKnownFileType = sourcecode.swift; path = QuizAppUITests.swift; sourceTree = "<group>"; };
		7747D08E2254084700258838 /* Info.plist */ = {isa = PBXFileReference; lastKnownFileType = text.plist.xml; path = Info.plist; sourceTree = "<group>"; };
		7747D09E22540C1E00258838 /* QuizViewController.swift */ = {isa = PBXFileReference; lastKnownFileType = sourcecode.swift; path = QuizViewController.swift; sourceTree = "<group>"; };
		7747D0A022540DCB00258838 /* QuizView.swift */ = {isa = PBXFileReference; lastKnownFileType = sourcecode.swift; path = QuizView.swift; sourceTree = "<group>"; };
		7747D0A422541BD900258838 /* LaunchScreen.storyboard */ = {isa = PBXFileReference; fileEncoding = 4; lastKnownFileType = file.storyboard; name = LaunchScreen.storyboard; path = ../../../.Trash/LaunchScreen.storyboard; sourceTree = "<group>"; };
		7747D0A6225429B000258838 /* QuizService.swift */ = {isa = PBXFileReference; lastKnownFileType = sourcecode.swift; path = QuizService.swift; sourceTree = "<group>"; };
		7747D0A82254B7FD00258838 /* Quiz.swift */ = {isa = PBXFileReference; lastKnownFileType = sourcecode.swift; path = Quiz.swift; sourceTree = "<group>"; };
		7747D0AA2254B93600258838 /* Question.swift */ = {isa = PBXFileReference; lastKnownFileType = sourcecode.swift; path = Question.swift; sourceTree = "<group>"; };
		7747D0AC225501ED00258838 /* Default-568h@2x.png */ = {isa = PBXFileReference; lastKnownFileType = image.png; path = "Default-568h@2x.png"; sourceTree = "<group>"; };
		7747D0AE2255048900258838 /* Quizzes.swift */ = {isa = PBXFileReference; lastKnownFileType = sourcecode.swift; path = Quizzes.swift; sourceTree = "<group>"; };
		7747D0B02255124100258838 /* CustomQuizView.swift */ = {isa = PBXFileReference; lastKnownFileType = sourcecode.swift; path = CustomQuizView.swift; sourceTree = "<group>"; };
		775859062255437B0062B380 /* CustomQuestionView.swift */ = {isa = PBXFileReference; lastKnownFileType = sourcecode.swift; path = CustomQuestionView.swift; sourceTree = "<group>"; };
		77C18C1722581A1500B72CF0 /* quizDefault.png */ = {isa = PBXFileReference; lastKnownFileType = image.png; name = quizDefault.png; path = ../../../Documents/quizDefault.png; sourceTree = "<group>"; };
		77C18C19225BC39200B72CF0 /* LoginView.swift */ = {isa = PBXFileReference; lastKnownFileType = sourcecode.swift; path = LoginView.swift; sourceTree = "<group>"; };
		77C18C1B225BC65800B72CF0 /* LoginViewController.swift */ = {isa = PBXFileReference; lastKnownFileType = sourcecode.swift; path = LoginViewController.swift; sourceTree = "<group>"; };
/* End PBXFileReference section */

/* Begin PBXFrameworksBuildPhase section */
		7747D0662254084600258838 /* Frameworks */ = {
			isa = PBXFrameworksBuildPhase;
			buildActionMask = 2147483647;
			files = (
			);
			runOnlyForDeploymentPostprocessing = 0;
		};
		7747D07A2254084700258838 /* Frameworks */ = {
			isa = PBXFrameworksBuildPhase;
			buildActionMask = 2147483647;
			files = (
			);
			runOnlyForDeploymentPostprocessing = 0;
		};
		7747D0852254084700258838 /* Frameworks */ = {
			isa = PBXFrameworksBuildPhase;
			buildActionMask = 2147483647;
			files = (
			);
			runOnlyForDeploymentPostprocessing = 0;
		};
/* End PBXFrameworksBuildPhase section */

/* Begin PBXGroup section */
		7747D0602254084600258838 = {
			isa = PBXGroup;
			children = (
				7747D0AC225501ED00258838 /* Default-568h@2x.png */,
				7747D06B2254084600258838 /* QuizApp */,
				7747D0802254084700258838 /* QuizAppTests */,
				7747D08B2254084700258838 /* QuizAppUITests */,
				7747D06A2254084600258838 /* Products */,
			);
			sourceTree = "<group>";
		};
		7747D06A2254084600258838 /* Products */ = {
			isa = PBXGroup;
			children = (
				7747D0692254084600258838 /* QuizApp.app */,
				7747D07D2254084700258838 /* QuizAppTests.xctest */,
				7747D0882254084700258838 /* QuizAppUITests.xctest */,
			);
			name = Products;
			sourceTree = "<group>";
		};
		7747D06B2254084600258838 /* QuizApp */ = {
			isa = PBXGroup;
			children = (
				7747D0A422541BD900258838 /* LaunchScreen.storyboard */,
				7747D09D22540A8700258838 /* Services */,
				7747D09C22540A7900258838 /* Controllers */,
				7747D09B22540A5A00258838 /* Views */,
				7747D09A22540A4900258838 /* Models */,
				7747D06C2254084600258838 /* AppDelegate.swift */,
				7747D0732254084700258838 /* Assets.xcassets */,
				77C18C1722581A1500B72CF0 /* quizDefault.png */,
				7747D0782254084700258838 /* Info.plist */,
			);
			path = QuizApp;
			sourceTree = "<group>";
		};
		7747D0802254084700258838 /* QuizAppTests */ = {
			isa = PBXGroup;
			children = (
				7747D0812254084700258838 /* QuizAppTests.swift */,
				7747D0832254084700258838 /* Info.plist */,
			);
			path = QuizAppTests;
			sourceTree = "<group>";
		};
		7747D08B2254084700258838 /* QuizAppUITests */ = {
			isa = PBXGroup;
			children = (
				7747D08C2254084700258838 /* QuizAppUITests.swift */,
				7747D08E2254084700258838 /* Info.plist */,
			);
			path = QuizAppUITests;
			sourceTree = "<group>";
		};
		7747D09A22540A4900258838 /* Models */ = {
			isa = PBXGroup;
			children = (
				7747D0A82254B7FD00258838 /* Quiz.swift */,
				7747D0AA2254B93600258838 /* Question.swift */,
				7747D0AE2255048900258838 /* Quizzes.swift */,
			);
			path = Models;
			sourceTree = "<group>";
		};
		7747D09B22540A5A00258838 /* Views */ = {
			isa = PBXGroup;
			children = (
				7747D0A022540DCB00258838 /* QuizView.swift */,
				77C18C19225BC39200B72CF0 /* LoginView.swift */,
				7747D0B02255124100258838 /* CustomQuizView.swift */,
				775859062255437B0062B380 /* CustomQuestionView.swift */,
			);
			path = Views;
			sourceTree = "<group>";
		};
		7747D09C22540A7900258838 /* Controllers */ = {
			isa = PBXGroup;
			children = (
				7747D09E22540C1E00258838 /* QuizViewController.swift */,
				77C18C1B225BC65800B72CF0 /* LoginViewController.swift */,
			);
			path = Controllers;
			sourceTree = "<group>";
		};
		7747D09D22540A8700258838 /* Services */ = {
			isa = PBXGroup;
			children = (
				7747D0A6225429B000258838 /* QuizService.swift */,
			);
			path = Services;
			sourceTree = "<group>";
		};
/* End PBXGroup section */

/* Begin PBXNativeTarget section */
		7747D0682254084600258838 /* QuizApp */ = {
			isa = PBXNativeTarget;
			buildConfigurationList = 7747D0912254084700258838 /* Build configuration list for PBXNativeTarget "QuizApp" */;
			buildPhases = (
				7747D0652254084600258838 /* Sources */,
				7747D0662254084600258838 /* Frameworks */,
				7747D0672254084600258838 /* Resources */,
			);
			buildRules = (
			);
			dependencies = (
			);
			name = QuizApp;
			productName = QuizApp;
			productReference = 7747D0692254084600258838 /* QuizApp.app */;
			productType = "com.apple.product-type.application";
		};
		7747D07C2254084700258838 /* QuizAppTests */ = {
			isa = PBXNativeTarget;
			buildConfigurationList = 7747D0942254084700258838 /* Build configuration list for PBXNativeTarget "QuizAppTests" */;
			buildPhases = (
				7747D0792254084700258838 /* Sources */,
				7747D07A2254084700258838 /* Frameworks */,
				7747D07B2254084700258838 /* Resources */,
			);
			buildRules = (
			);
			dependencies = (
				7747D07F2254084700258838 /* PBXTargetDependency */,
			);
			name = QuizAppTests;
			productName = QuizAppTests;
			productReference = 7747D07D2254084700258838 /* QuizAppTests.xctest */;
			productType = "com.apple.product-type.bundle.unit-test";
		};
		7747D0872254084700258838 /* QuizAppUITests */ = {
			isa = PBXNativeTarget;
			buildConfigurationList = 7747D0972254084700258838 /* Build configuration list for PBXNativeTarget "QuizAppUITests" */;
			buildPhases = (
				7747D0842254084700258838 /* Sources */,
				7747D0852254084700258838 /* Frameworks */,
				7747D0862254084700258838 /* Resources */,
			);
			buildRules = (
			);
			dependencies = (
				7747D08A2254084700258838 /* PBXTargetDependency */,
			);
			name = QuizAppUITests;
			productName = QuizAppUITests;
			productReference = 7747D0882254084700258838 /* QuizAppUITests.xctest */;
			productType = "com.apple.product-type.bundle.ui-testing";
		};
/* End PBXNativeTarget section */

/* Begin PBXProject section */
		7747D0612254084600258838 /* Project object */ = {
			isa = PBXProject;
			attributes = {
				LastSwiftUpdateCheck = 1010;
				LastUpgradeCheck = 1010;
				ORGANIZATIONNAME = five;
				TargetAttributes = {
					7747D0682254084600258838 = {
						CreatedOnToolsVersion = 10.1;
					};
					7747D07C2254084700258838 = {
						CreatedOnToolsVersion = 10.1;
						TestTargetID = 7747D0682254084600258838;
					};
					7747D0872254084700258838 = {
						CreatedOnToolsVersion = 10.1;
						TestTargetID = 7747D0682254084600258838;
					};
				};
			};
			buildConfigurationList = 7747D0642254084600258838 /* Build configuration list for PBXProject "QuizApp" */;
			compatibilityVersion = "Xcode 9.3";
			developmentRegion = en;
			hasScannedForEncodings = 0;
			knownRegions = (
				en,
				Base,
			);
			mainGroup = 7747D0602254084600258838;
			productRefGroup = 7747D06A2254084600258838 /* Products */;
			projectDirPath = "";
			projectRoot = "";
			targets = (
				7747D0682254084600258838 /* QuizApp */,
				7747D07C2254084700258838 /* QuizAppTests */,
				7747D0872254084700258838 /* QuizAppUITests */,
			);
		};
/* End PBXProject section */

/* Begin PBXResourcesBuildPhase section */
		7747D0672254084600258838 /* Resources */ = {
			isa = PBXResourcesBuildPhase;
			buildActionMask = 2147483647;
			files = (
				77C18C1822581A1500B72CF0 /* quizDefault.png in Resources */,
				7747D0A522541BD900258838 /* LaunchScreen.storyboard in Resources */,
				7747D0742254084700258838 /* Assets.xcassets in Resources */,
				7747D0AD225501ED00258838 /* Default-568h@2x.png in Resources */,
			);
			runOnlyForDeploymentPostprocessing = 0;
		};
		7747D07B2254084700258838 /* Resources */ = {
			isa = PBXResourcesBuildPhase;
			buildActionMask = 2147483647;
			files = (
			);
			runOnlyForDeploymentPostprocessing = 0;
		};
		7747D0862254084700258838 /* Resources */ = {
			isa = PBXResourcesBuildPhase;
			buildActionMask = 2147483647;
			files = (
			);
			runOnlyForDeploymentPostprocessing = 0;
		};
/* End PBXResourcesBuildPhase section */

/* Begin PBXSourcesBuildPhase section */
		7747D0652254084600258838 /* Sources */ = {
			isa = PBXSourcesBuildPhase;
			buildActionMask = 2147483647;
			files = (
				7747D09F22540C1E00258838 /* QuizViewController.swift in Sources */,
				7747D0A92254B7FD00258838 /* Quiz.swift in Sources */,
				7747D0AF2255048900258838 /* Quizzes.swift in Sources */,
				7747D06D2254084600258838 /* AppDelegate.swift in Sources */,
				7747D0AB2254B93600258838 /* Question.swift in Sources */,
				7747D0A7225429B000258838 /* QuizService.swift in Sources */,
				775859072255437B0062B380 /* CustomQuestionView.swift in Sources */,
				7747D0B12255124100258838 /* CustomQuizView.swift in Sources */,
				77C18C1A225BC39200B72CF0 /* LoginView.swift in Sources */,
				7747D0A122540DCB00258838 /* QuizView.swift in Sources */,
				77C18C1C225BC65800B72CF0 /* LoginViewController.swift in Sources */,
			);
			runOnlyForDeploymentPostprocessing = 0;
		};
		7747D0792254084700258838 /* Sources */ = {
			isa = PBXSourcesBuildPhase;
			buildActionMask = 2147483647;
			files = (
				7747D0822254084700258838 /* QuizAppTests.swift in Sources */,
			);
			runOnlyForDeploymentPostprocessing = 0;
		};
		7747D0842254084700258838 /* Sources */ = {
			isa = PBXSourcesBuildPhase;
			buildActionMask = 2147483647;
			files = (
				7747D08D2254084700258838 /* QuizAppUITests.swift in Sources */,
			);
			runOnlyForDeploymentPostprocessing = 0;
		};
/* End PBXSourcesBuildPhase section */

/* Begin PBXTargetDependency section */
		7747D07F2254084700258838 /* PBXTargetDependency */ = {
			isa = PBXTargetDependency;
			target = 7747D0682254084600258838 /* QuizApp */;
			targetProxy = 7747D07E2254084700258838 /* PBXContainerItemProxy */;
		};
		7747D08A2254084700258838 /* PBXTargetDependency */ = {
			isa = PBXTargetDependency;
			target = 7747D0682254084600258838 /* QuizApp */;
			targetProxy = 7747D0892254084700258838 /* PBXContainerItemProxy */;
		};
/* End PBXTargetDependency section */

/* Begin XCBuildConfiguration section */
		7747D08F2254084700258838 /* Debug */ = {
			isa = XCBuildConfiguration;
			buildSettings = {
				ALWAYS_SEARCH_USER_PATHS = NO;
				CLANG_ANALYZER_NONNULL = YES;
				CLANG_ANALYZER_NUMBER_OBJECT_CONVERSION = YES_AGGRESSIVE;
				CLANG_CXX_LANGUAGE_STANDARD = "gnu++14";
				CLANG_CXX_LIBRARY = "libc++";
				CLANG_ENABLE_MODULES = YES;
				CLANG_ENABLE_OBJC_ARC = YES;
				CLANG_ENABLE_OBJC_WEAK = YES;
				CLANG_WARN_BLOCK_CAPTURE_AUTORELEASING = YES;
				CLANG_WARN_BOOL_CONVERSION = YES;
				CLANG_WARN_COMMA = YES;
				CLANG_WARN_CONSTANT_CONVERSION = YES;
				CLANG_WARN_DEPRECATED_OBJC_IMPLEMENTATIONS = YES;
				CLANG_WARN_DIRECT_OBJC_ISA_USAGE = YES_ERROR;
				CLANG_WARN_DOCUMENTATION_COMMENTS = YES;
				CLANG_WARN_EMPTY_BODY = YES;
				CLANG_WARN_ENUM_CONVERSION = YES;
				CLANG_WARN_INFINITE_RECURSION = YES;
				CLANG_WARN_INT_CONVERSION = YES;
				CLANG_WARN_NON_LITERAL_NULL_CONVERSION = YES;
				CLANG_WARN_OBJC_IMPLICIT_RETAIN_SELF = YES;
				CLANG_WARN_OBJC_LITERAL_CONVERSION = YES;
				CLANG_WARN_OBJC_ROOT_CLASS = YES_ERROR;
				CLANG_WARN_RANGE_LOOP_ANALYSIS = YES;
				CLANG_WARN_STRICT_PROTOTYPES = YES;
				CLANG_WARN_SUSPICIOUS_MOVE = YES;
				CLANG_WARN_UNGUARDED_AVAILABILITY = YES_AGGRESSIVE;
				CLANG_WARN_UNREACHABLE_CODE = YES;
				CLANG_WARN__DUPLICATE_METHOD_MATCH = YES;
				CODE_SIGN_IDENTITY = "iPhone Developer";
				COPY_PHASE_STRIP = NO;
				DEBUG_INFORMATION_FORMAT = dwarf;
				ENABLE_STRICT_OBJC_MSGSEND = YES;
				ENABLE_TESTABILITY = YES;
				GCC_C_LANGUAGE_STANDARD = gnu11;
				GCC_DYNAMIC_NO_PIC = NO;
				GCC_NO_COMMON_BLOCKS = YES;
				GCC_OPTIMIZATION_LEVEL = 0;
				GCC_PREPROCESSOR_DEFINITIONS = (
					"DEBUG=1",
					"$(inherited)",
				);
				GCC_WARN_64_TO_32_BIT_CONVERSION = YES;
				GCC_WARN_ABOUT_RETURN_TYPE = YES_ERROR;
				GCC_WARN_UNDECLARED_SELECTOR = YES;
				GCC_WARN_UNINITIALIZED_AUTOS = YES_AGGRESSIVE;
				GCC_WARN_UNUSED_FUNCTION = YES;
				GCC_WARN_UNUSED_VARIABLE = YES;
				IPHONEOS_DEPLOYMENT_TARGET = 12.1;
				MTL_ENABLE_DEBUG_INFO = INCLUDE_SOURCE;
				MTL_FAST_MATH = YES;
				ONLY_ACTIVE_ARCH = YES;
				SDKROOT = iphoneos;
				SWIFT_ACTIVE_COMPILATION_CONDITIONS = DEBUG;
				SWIFT_OPTIMIZATION_LEVEL = "-Onone";
			};
			name = Debug;
		};
		7747D0902254084700258838 /* Release */ = {
			isa = XCBuildConfiguration;
			buildSettings = {
				ALWAYS_SEARCH_USER_PATHS = NO;
				CLANG_ANALYZER_NONNULL = YES;
				CLANG_ANALYZER_NUMBER_OBJECT_CONVERSION = YES_AGGRESSIVE;
				CLANG_CXX_LANGUAGE_STANDARD = "gnu++14";
				CLANG_CXX_LIBRARY = "libc++";
				CLANG_ENABLE_MODULES = YES;
				CLANG_ENABLE_OBJC_ARC = YES;
				CLANG_ENABLE_OBJC_WEAK = YES;
				CLANG_WARN_BLOCK_CAPTURE_AUTORELEASING = YES;
				CLANG_WARN_BOOL_CONVERSION = YES;
				CLANG_WARN_COMMA = YES;
				CLANG_WARN_CONSTANT_CONVERSION = YES;
				CLANG_WARN_DEPRECATED_OBJC_IMPLEMENTATIONS = YES;
				CLANG_WARN_DIRECT_OBJC_ISA_USAGE = YES_ERROR;
				CLANG_WARN_DOCUMENTATION_COMMENTS = YES;
				CLANG_WARN_EMPTY_BODY = YES;
				CLANG_WARN_ENUM_CONVERSION = YES;
				CLANG_WARN_INFINITE_RECURSION = YES;
				CLANG_WARN_INT_CONVERSION = YES;
				CLANG_WARN_NON_LITERAL_NULL_CONVERSION = YES;
				CLANG_WARN_OBJC_IMPLICIT_RETAIN_SELF = YES;
				CLANG_WARN_OBJC_LITERAL_CONVERSION = YES;
				CLANG_WARN_OBJC_ROOT_CLASS = YES_ERROR;
				CLANG_WARN_RANGE_LOOP_ANALYSIS = YES;
				CLANG_WARN_STRICT_PROTOTYPES = YES;
				CLANG_WARN_SUSPICIOUS_MOVE = YES;
				CLANG_WARN_UNGUARDED_AVAILABILITY = YES_AGGRESSIVE;
				CLANG_WARN_UNREACHABLE_CODE = YES;
				CLANG_WARN__DUPLICATE_METHOD_MATCH = YES;
				CODE_SIGN_IDENTITY = "iPhone Developer";
				COPY_PHASE_STRIP = NO;
				DEBUG_INFORMATION_FORMAT = "dwarf-with-dsym";
				ENABLE_NS_ASSERTIONS = NO;
				ENABLE_STRICT_OBJC_MSGSEND = YES;
				GCC_C_LANGUAGE_STANDARD = gnu11;
				GCC_NO_COMMON_BLOCKS = YES;
				GCC_WARN_64_TO_32_BIT_CONVERSION = YES;
				GCC_WARN_ABOUT_RETURN_TYPE = YES_ERROR;
				GCC_WARN_UNDECLARED_SELECTOR = YES;
				GCC_WARN_UNINITIALIZED_AUTOS = YES_AGGRESSIVE;
				GCC_WARN_UNUSED_FUNCTION = YES;
				GCC_WARN_UNUSED_VARIABLE = YES;
				IPHONEOS_DEPLOYMENT_TARGET = 12.1;
				MTL_ENABLE_DEBUG_INFO = NO;
				MTL_FAST_MATH = YES;
				SDKROOT = iphoneos;
				SWIFT_COMPILATION_MODE = wholemodule;
				SWIFT_OPTIMIZATION_LEVEL = "-O";
				VALIDATE_PRODUCT = YES;
			};
			name = Release;
		};
		7747D0922254084700258838 /* Debug */ = {
			isa = XCBuildConfiguration;
			buildSettings = {
				ALWAYS_EMBED_SWIFT_STANDARD_LIBRARIES = YES;
				ASSETCATALOG_COMPILER_APPICON_NAME = AppIcon;
				CODE_SIGN_STYLE = Automatic;
				DEVELOPMENT_TEAM = 94R6Y5FT3S;
				INFOPLIST_FILE = QuizApp/Info.plist;
				IPHONEOS_DEPLOYMENT_TARGET = 11.4;
				LD_RUNPATH_SEARCH_PATHS = (
					"$(inherited)",
					"@executable_path/Frameworks",
				);
				PRODUCT_BUNDLE_IDENTIFIER = hr.fer.pavlek.juraj.QuizApp;
				PRODUCT_NAME = "$(TARGET_NAME)";
				SWIFT_VERSION = 4.2;
				TARGETED_DEVICE_FAMILY = "1,2";
			};
			name = Debug;
		};
		7747D0932254084700258838 /* Release */ = {
			isa = XCBuildConfiguration;
			buildSettings = {
				ALWAYS_EMBED_SWIFT_STANDARD_LIBRARIES = YES;
				ASSETCATALOG_COMPILER_APPICON_NAME = AppIcon;
				CODE_SIGN_STYLE = Automatic;
				DEVELOPMENT_TEAM = 94R6Y5FT3S;
				INFOPLIST_FILE = QuizApp/Info.plist;
				IPHONEOS_DEPLOYMENT_TARGET = 11.4;
				LD_RUNPATH_SEARCH_PATHS = (
					"$(inherited)",
					"@executable_path/Frameworks",
				);
				PRODUCT_BUNDLE_IDENTIFIER = hr.fer.pavlek.juraj.QuizApp;
				PRODUCT_NAME = "$(TARGET_NAME)";
				SWIFT_VERSION = 4.2;
				TARGETED_DEVICE_FAMILY = "1,2";
			};
			name = Release;
		};
		7747D0952254084700258838 /* Debug */ = {
			isa = XCBuildConfiguration;
			buildSettings = {
				ALWAYS_EMBED_SWIFT_STANDARD_LIBRARIES = YES;
				BUNDLE_LOADER = "$(TEST_HOST)";
				CODE_SIGN_STYLE = Automatic;
				DEVELOPMENT_TEAM = 94R6Y5FT3S;
				INFOPLIST_FILE = QuizAppTests/Info.plist;
				LD_RUNPATH_SEARCH_PATHS = (
					"$(inherited)",
					"@executable_path/Frameworks",
					"@loader_path/Frameworks",
				);
				PRODUCT_BUNDLE_IDENTIFIER = hr.fer.pavlek.juraj.QuizAppTests;
				PRODUCT_NAME = "$(TARGET_NAME)";
				SWIFT_VERSION = 4.2;
				TARGETED_DEVICE_FAMILY = "1,2";
				TEST_HOST = "$(BUILT_PRODUCTS_DIR)/QuizApp.app/QuizApp";
			};
			name = Debug;
		};
		7747D0962254084700258838 /* Release */ = {
			isa = XCBuildConfiguration;
			buildSettings = {
				ALWAYS_EMBED_SWIFT_STANDARD_LIBRARIES = YES;
				BUNDLE_LOADER = "$(TEST_HOST)";
				CODE_SIGN_STYLE = Automatic;
				DEVELOPMENT_TEAM = 94R6Y5FT3S;
				INFOPLIST_FILE = QuizAppTests/Info.plist;
				LD_RUNPATH_SEARCH_PATHS = (
					"$(inherited)",
					"@executable_path/Frameworks",
					"@loader_path/Frameworks",
				);
				PRODUCT_BUNDLE_IDENTIFIER = hr.fer.pavlek.juraj.QuizAppTests;
				PRODUCT_NAME = "$(TARGET_NAME)";
				SWIFT_VERSION = 4.2;
				TARGETED_DEVICE_FAMILY = "1,2";
				TEST_HOST = "$(BUILT_PRODUCTS_DIR)/QuizApp.app/QuizApp";
			};
			name = Release;
		};
		7747D0982254084700258838 /* Debug */ = {
			isa = XCBuildConfiguration;
			buildSettings = {
				ALWAYS_EMBED_SWIFT_STANDARD_LIBRARIES = YES;
				CODE_SIGN_STYLE = Automatic;
				DEVELOPMENT_TEAM = 94R6Y5FT3S;
				INFOPLIST_FILE = QuizAppUITests/Info.plist;
				LD_RUNPATH_SEARCH_PATHS = (
					"$(inherited)",
					"@executable_path/Frameworks",
					"@loader_path/Frameworks",
				);
				PRODUCT_BUNDLE_IDENTIFIER = hr.fer.pavlek.juraj.QuizAppUITests;
				PRODUCT_NAME = "$(TARGET_NAME)";
				SWIFT_VERSION = 4.2;
				TARGETED_DEVICE_FAMILY = "1,2";
				TEST_TARGET_NAME = QuizApp;
			};
			name = Debug;
		};
		7747D0992254084700258838 /* Release */ = {
			isa = XCBuildConfiguration;
			buildSettings = {
				ALWAYS_EMBED_SWIFT_STANDARD_LIBRARIES = YES;
				CODE_SIGN_STYLE = Automatic;
				DEVELOPMENT_TEAM = 94R6Y5FT3S;
				INFOPLIST_FILE = QuizAppUITests/Info.plist;
				LD_RUNPATH_SEARCH_PATHS = (
					"$(inherited)",
					"@executable_path/Frameworks",
					"@loader_path/Frameworks",
				);
				PRODUCT_BUNDLE_IDENTIFIER = hr.fer.pavlek.juraj.QuizAppUITests;
				PRODUCT_NAME = "$(TARGET_NAME)";
				SWIFT_VERSION = 4.2;
				TARGETED_DEVICE_FAMILY = "1,2";
				TEST_TARGET_NAME = QuizApp;
			};
			name = Release;
		};
/* End XCBuildConfiguration section */

/* Begin XCConfigurationList section */
		7747D0642254084600258838 /* Build configuration list for PBXProject "QuizApp" */ = {
			isa = XCConfigurationList;
			buildConfigurations = (
				7747D08F2254084700258838 /* Debug */,
				7747D0902254084700258838 /* Release */,
			);
			defaultConfigurationIsVisible = 0;
			defaultConfigurationName = Release;
		};
		7747D0912254084700258838 /* Build configuration list for PBXNativeTarget "QuizApp" */ = {
			isa = XCConfigurationList;
			buildConfigurations = (
				7747D0922254084700258838 /* Debug */,
				7747D0932254084700258838 /* Release */,
			);
			defaultConfigurationIsVisible = 0;
			defaultConfigurationName = Release;
		};
		7747D0942254084700258838 /* Build configuration list for PBXNativeTarget "QuizAppTests" */ = {
			isa = XCConfigurationList;
			buildConfigurations = (
				7747D0952254084700258838 /* Debug */,
				7747D0962254084700258838 /* Release */,
			);
			defaultConfigurationIsVisible = 0;
			defaultConfigurationName = Release;
		};
		7747D0972254084700258838 /* Build configuration list for PBXNativeTarget "QuizAppUITests" */ = {
			isa = XCConfigurationList;
			buildConfigurations = (
				7747D0982254084700258838 /* Debug */,
				7747D0992254084700258838 /* Release */,
			);
			defaultConfigurationIsVisible = 0;
			defaultConfigurationName = Release;
		};
/* End XCConfigurationList section */
	};
	rootObject = 7747D0612254084600258838 /* Project object */;
}
